// !$*UTF8*$!
{
	archiveVersion = 1;
	classes = {
	};
	objectVersion = 56;
	objects = {

/* Begin PBXBuildFile section */
		61458CB62C495DCB00B7107E /* WidgetKit.framework in Frameworks */ = {isa = PBXBuildFile; fileRef = 61458CB52C495DCB00B7107E /* WidgetKit.framework */; };
		61458CB82C495DCB00B7107E /* SwiftUI.framework in Frameworks */ = {isa = PBXBuildFile; fileRef = 61458CB72C495DCB00B7107E /* SwiftUI.framework */; };
		61458CBB2C495DCB00B7107E /* sleepTalkActivityBundle.swift in Sources */ = {isa = PBXBuildFile; fileRef = 61458CBA2C495DCB00B7107E /* sleepTalkActivityBundle.swift */; };
		61458CBD2C495DCB00B7107E /* sleepTalkActivityLiveActivity.swift in Sources */ = {isa = PBXBuildFile; fileRef = 61458CBC2C495DCB00B7107E /* sleepTalkActivityLiveActivity.swift */; };
		61458CBF2C495DCB00B7107E /* sleepTalkActivity.swift in Sources */ = {isa = PBXBuildFile; fileRef = 61458CBE2C495DCB00B7107E /* sleepTalkActivity.swift */; };
		61458CC12C495DCC00B7107E /* Assets.xcassets in Resources */ = {isa = PBXBuildFile; fileRef = 61458CC02C495DCC00B7107E /* Assets.xcassets */; };
		61458CC52C495DCC00B7107E /* sleepTalkActivityExtension.appex in Embed Foundation Extensions */ = {isa = PBXBuildFile; fileRef = 61458CB32C495DCB00B7107E /* sleepTalkActivityExtension.appex */; settings = {ATTRIBUTES = (RemoveHeadersOnCopy, ); }; };
		61458CCA2C495F2000B7107E /* sleepTalkActivityLiveActivity.swift in Sources */ = {isa = PBXBuildFile; fileRef = 61458CBC2C495DCB00B7107E /* sleepTalkActivityLiveActivity.swift */; };
		617F53792C189B5A008D5316 /* sleepTalkApp.swift in Sources */ = {isa = PBXBuildFile; fileRef = 617F53782C189B5A008D5316 /* sleepTalkApp.swift */; };
		617F537B2C189B5A008D5316 /* ContentView.swift in Sources */ = {isa = PBXBuildFile; fileRef = 617F537A2C189B5A008D5316 /* ContentView.swift */; };
		617F537D2C189B5B008D5316 /* Assets.xcassets in Resources */ = {isa = PBXBuildFile; fileRef = 617F537C2C189B5B008D5316 /* Assets.xcassets */; };
		617F53802C189B5B008D5316 /* Preview Assets.xcassets in Resources */ = {isa = PBXBuildFile; fileRef = 617F537F2C189B5B008D5316 /* Preview Assets.xcassets */; };
		617F538A2C189B5B008D5316 /* sleepTalkTests.swift in Sources */ = {isa = PBXBuildFile; fileRef = 617F53892C189B5B008D5316 /* sleepTalkTests.swift */; };
		617F53942C189B5B008D5316 /* sleepTalkUITests.swift in Sources */ = {isa = PBXBuildFile; fileRef = 617F53932C189B5B008D5316 /* sleepTalkUITests.swift */; };
		617F53962C189B5B008D5316 /* sleepTalkUITestsLaunchTests.swift in Sources */ = {isa = PBXBuildFile; fileRef = 617F53952C189B5B008D5316 /* sleepTalkUITestsLaunchTests.swift */; };
		6197F1D82C31A09A00CDF7F0 /* AudioRecorder.swift in Sources */ = {isa = PBXBuildFile; fileRef = 6197F1D72C31A09A00CDF7F0 /* AudioRecorder.swift */; };
		61E8F8C82C5A7531002695D6 /* SleepView.swift in Sources */ = {isa = PBXBuildFile; fileRef = 61E8F8C72C5A7531002695D6 /* SleepView.swift */; };
/* End PBXBuildFile section */

/* Begin PBXContainerItemProxy section */
		61458CC32C495DCC00B7107E /* PBXContainerItemProxy */ = {
			isa = PBXContainerItemProxy;
			containerPortal = 617F536D2C189B5A008D5316 /* Project object */;
			proxyType = 1;
			remoteGlobalIDString = 61458CB22C495DCB00B7107E;
			remoteInfo = sleepTalkActivityExtension;
		};
		617F53862C189B5B008D5316 /* PBXContainerItemProxy */ = {
			isa = PBXContainerItemProxy;
			containerPortal = 617F536D2C189B5A008D5316 /* Project object */;
			proxyType = 1;
			remoteGlobalIDString = 617F53742C189B5A008D5316;
			remoteInfo = sleepTalk;
		};
		617F53902C189B5B008D5316 /* PBXContainerItemProxy */ = {
			isa = PBXContainerItemProxy;
			containerPortal = 617F536D2C189B5A008D5316 /* Project object */;
			proxyType = 1;
			remoteGlobalIDString = 617F53742C189B5A008D5316;
			remoteInfo = sleepTalk;
		};
/* End PBXContainerItemProxy section */

/* Begin PBXCopyFilesBuildPhase section */
		61458CC92C495DCC00B7107E /* Embed Foundation Extensions */ = {
			isa = PBXCopyFilesBuildPhase;
			buildActionMask = 2147483647;
			dstPath = "";
			dstSubfolderSpec = 13;
			files = (
				61458CC52C495DCC00B7107E /* sleepTalkActivityExtension.appex in Embed Foundation Extensions */,
			);
			name = "Embed Foundation Extensions";
			runOnlyForDeploymentPostprocessing = 0;
		};
/* End PBXCopyFilesBuildPhase section */

/* Begin PBXFileReference section */
		61458CAE2C4436A100B7107E /* Info.plist */ = {isa = PBXFileReference; lastKnownFileType = text.plist; path = Info.plist; sourceTree = "<group>"; };
		61458CB32C495DCB00B7107E /* sleepTalkActivityExtension.appex */ = {isa = PBXFileReference; explicitFileType = "wrapper.app-extension"; includeInIndex = 0; path = sleepTalkActivityExtension.appex; sourceTree = BUILT_PRODUCTS_DIR; };
		61458CB52C495DCB00B7107E /* WidgetKit.framework */ = {isa = PBXFileReference; lastKnownFileType = wrapper.framework; name = WidgetKit.framework; path = System/Library/Frameworks/WidgetKit.framework; sourceTree = SDKROOT; };
		61458CB72C495DCB00B7107E /* SwiftUI.framework */ = {isa = PBXFileReference; lastKnownFileType = wrapper.framework; name = SwiftUI.framework; path = System/Library/Frameworks/SwiftUI.framework; sourceTree = SDKROOT; };
		61458CBA2C495DCB00B7107E /* sleepTalkActivityBundle.swift */ = {isa = PBXFileReference; lastKnownFileType = sourcecode.swift; path = sleepTalkActivityBundle.swift; sourceTree = "<group>"; };
		61458CBC2C495DCB00B7107E /* sleepTalkActivityLiveActivity.swift */ = {isa = PBXFileReference; lastKnownFileType = sourcecode.swift; path = sleepTalkActivityLiveActivity.swift; sourceTree = "<group>"; };
		61458CBE2C495DCB00B7107E /* sleepTalkActivity.swift */ = {isa = PBXFileReference; lastKnownFileType = sourcecode.swift; path = sleepTalkActivity.swift; sourceTree = "<group>"; };
		61458CC02C495DCC00B7107E /* Assets.xcassets */ = {isa = PBXFileReference; lastKnownFileType = folder.assetcatalog; path = Assets.xcassets; sourceTree = "<group>"; };
		61458CC22C495DCC00B7107E /* Info.plist */ = {isa = PBXFileReference; lastKnownFileType = text.plist.xml; path = Info.plist; sourceTree = "<group>"; };
		617F53752C189B5A008D5316 /* sleepTalk.app */ = {isa = PBXFileReference; explicitFileType = wrapper.application; includeInIndex = 0; path = sleepTalk.app; sourceTree = BUILT_PRODUCTS_DIR; };
		617F53782C189B5A008D5316 /* sleepTalkApp.swift */ = {isa = PBXFileReference; lastKnownFileType = sourcecode.swift; path = sleepTalkApp.swift; sourceTree = "<group>"; };
		617F537A2C189B5A008D5316 /* ContentView.swift */ = {isa = PBXFileReference; lastKnownFileType = sourcecode.swift; path = ContentView.swift; sourceTree = "<group>"; };
		617F537C2C189B5B008D5316 /* Assets.xcassets */ = {isa = PBXFileReference; lastKnownFileType = folder.assetcatalog; path = Assets.xcassets; sourceTree = "<group>"; };
		617F537F2C189B5B008D5316 /* Preview Assets.xcassets */ = {isa = PBXFileReference; lastKnownFileType = folder.assetcatalog; path = "Preview Assets.xcassets"; sourceTree = "<group>"; };
		617F53852C189B5B008D5316 /* sleepTalkTests.xctest */ = {isa = PBXFileReference; explicitFileType = wrapper.cfbundle; includeInIndex = 0; path = sleepTalkTests.xctest; sourceTree = BUILT_PRODUCTS_DIR; };
		617F53892C189B5B008D5316 /* sleepTalkTests.swift */ = {isa = PBXFileReference; lastKnownFileType = sourcecode.swift; path = sleepTalkTests.swift; sourceTree = "<group>"; };
		617F538F2C189B5B008D5316 /* sleepTalkUITests.xctest */ = {isa = PBXFileReference; explicitFileType = wrapper.cfbundle; includeInIndex = 0; path = sleepTalkUITests.xctest; sourceTree = BUILT_PRODUCTS_DIR; };
		617F53932C189B5B008D5316 /* sleepTalkUITests.swift */ = {isa = PBXFileReference; lastKnownFileType = sourcecode.swift; path = sleepTalkUITests.swift; sourceTree = "<group>"; };
		617F53952C189B5B008D5316 /* sleepTalkUITestsLaunchTests.swift */ = {isa = PBXFileReference; lastKnownFileType = sourcecode.swift; path = sleepTalkUITestsLaunchTests.swift; sourceTree = "<group>"; };
		6197F1D72C31A09A00CDF7F0 /* AudioRecorder.swift */ = {isa = PBXFileReference; lastKnownFileType = sourcecode.swift; path = AudioRecorder.swift; sourceTree = "<group>"; };
		61E8F8C72C5A7531002695D6 /* SleepView.swift */ = {isa = PBXFileReference; lastKnownFileType = sourcecode.swift; path = SleepView.swift; sourceTree = "<group>"; };
/* End PBXFileReference section */

/* Begin PBXFrameworksBuildPhase section */
		61458CB02C495DCB00B7107E /* Frameworks */ = {
			isa = PBXFrameworksBuildPhase;
			buildActionMask = 2147483647;
			files = (
				61458CB82C495DCB00B7107E /* SwiftUI.framework in Frameworks */,
				61458CB62C495DCB00B7107E /* WidgetKit.framework in Frameworks */,
			);
			runOnlyForDeploymentPostprocessing = 0;
		};
		617F53722C189B5A008D5316 /* Frameworks */ = {
			isa = PBXFrameworksBuildPhase;
			buildActionMask = 2147483647;
			files = (
			);
			runOnlyForDeploymentPostprocessing = 0;
		};
		617F53822C189B5B008D5316 /* Frameworks */ = {
			isa = PBXFrameworksBuildPhase;
			buildActionMask = 2147483647;
			files = (
			);
			runOnlyForDeploymentPostprocessing = 0;
		};
		617F538C2C189B5B008D5316 /* Frameworks */ = {
			isa = PBXFrameworksBuildPhase;
			buildActionMask = 2147483647;
			files = (
			);
			runOnlyForDeploymentPostprocessing = 0;
		};
/* End PBXFrameworksBuildPhase section */

/* Begin PBXGroup section */
		61458CB42C495DCB00B7107E /* Frameworks */ = {
			isa = PBXGroup;
			children = (
				61458CB52C495DCB00B7107E /* WidgetKit.framework */,
				61458CB72C495DCB00B7107E /* SwiftUI.framework */,
			);
			name = Frameworks;
			sourceTree = "<group>";
		};
		61458CB92C495DCB00B7107E /* sleepTalkActivity */ = {
			isa = PBXGroup;
			children = (
				61458CBA2C495DCB00B7107E /* sleepTalkActivityBundle.swift */,
				61458CBC2C495DCB00B7107E /* sleepTalkActivityLiveActivity.swift */,
				61458CBE2C495DCB00B7107E /* sleepTalkActivity.swift */,
				61458CC02C495DCC00B7107E /* Assets.xcassets */,
				61458CC22C495DCC00B7107E /* Info.plist */,
			);
			path = sleepTalkActivity;
			sourceTree = "<group>";
		};
		617F536C2C189B5A008D5316 = {
			isa = PBXGroup;
			children = (
				617F53772C189B5A008D5316 /* sleepTalk */,
				617F53882C189B5B008D5316 /* sleepTalkTests */,
				617F53922C189B5B008D5316 /* sleepTalkUITests */,
				61458CB92C495DCB00B7107E /* sleepTalkActivity */,
				61458CB42C495DCB00B7107E /* Frameworks */,
				617F53762C189B5A008D5316 /* Products */,
			);
			sourceTree = "<group>";
		};
		617F53762C189B5A008D5316 /* Products */ = {
			isa = PBXGroup;
			children = (
				617F53752C189B5A008D5316 /* sleepTalk.app */,
				617F53852C189B5B008D5316 /* sleepTalkTests.xctest */,
				617F538F2C189B5B008D5316 /* sleepTalkUITests.xctest */,
				61458CB32C495DCB00B7107E /* sleepTalkActivityExtension.appex */,
			);
			name = Products;
			sourceTree = "<group>";
		};
		617F53772C189B5A008D5316 /* sleepTalk */ = {
			isa = PBXGroup;
			children = (
				61458CAE2C4436A100B7107E /* Info.plist */,
				617F53782C189B5A008D5316 /* sleepTalkApp.swift */,
				617F537A2C189B5A008D5316 /* ContentView.swift */,
				617F537C2C189B5B008D5316 /* Assets.xcassets */,
				617F537E2C189B5B008D5316 /* Preview Content */,
				6197F1D72C31A09A00CDF7F0 /* AudioRecorder.swift */,
				61E8F8C72C5A7531002695D6 /* SleepView.swift */,
			);
			path = sleepTalk;
			sourceTree = "<group>";
		};
		617F537E2C189B5B008D5316 /* Preview Content */ = {
			isa = PBXGroup;
			children = (
				617F537F2C189B5B008D5316 /* Preview Assets.xcassets */,
			);
			path = "Preview Content";
			sourceTree = "<group>";
		};
		617F53882C189B5B008D5316 /* sleepTalkTests */ = {
			isa = PBXGroup;
			children = (
				617F53892C189B5B008D5316 /* sleepTalkTests.swift */,
			);
			path = sleepTalkTests;
			sourceTree = "<group>";
		};
		617F53922C189B5B008D5316 /* sleepTalkUITests */ = {
			isa = PBXGroup;
			children = (
				617F53932C189B5B008D5316 /* sleepTalkUITests.swift */,
				617F53952C189B5B008D5316 /* sleepTalkUITestsLaunchTests.swift */,
			);
			path = sleepTalkUITests;
			sourceTree = "<group>";
		};
/* End PBXGroup section */

/* Begin PBXNativeTarget section */
		61458CB22C495DCB00B7107E /* sleepTalkActivityExtension */ = {
			isa = PBXNativeTarget;
			buildConfigurationList = 61458CC62C495DCC00B7107E /* Build configuration list for PBXNativeTarget "sleepTalkActivityExtension" */;
			buildPhases = (
				61458CAF2C495DCB00B7107E /* Sources */,
				61458CB02C495DCB00B7107E /* Frameworks */,
				61458CB12C495DCB00B7107E /* Resources */,
			);
			buildRules = (
			);
			dependencies = (
			);
			name = sleepTalkActivityExtension;
			productName = sleepTalkActivityExtension;
			productReference = 61458CB32C495DCB00B7107E /* sleepTalkActivityExtension.appex */;
			productType = "com.apple.product-type.app-extension";
		};
		617F53742C189B5A008D5316 /* sleepTalk */ = {
			isa = PBXNativeTarget;
			buildConfigurationList = 617F53992C189B5B008D5316 /* Build configuration list for PBXNativeTarget "sleepTalk" */;
			buildPhases = (
				617F53712C189B5A008D5316 /* Sources */,
				617F53722C189B5A008D5316 /* Frameworks */,
				617F53732C189B5A008D5316 /* Resources */,
				61458CC92C495DCC00B7107E /* Embed Foundation Extensions */,
			);
			buildRules = (
			);
			dependencies = (
				61458CC42C495DCC00B7107E /* PBXTargetDependency */,
			);
			name = sleepTalk;
			productName = sleepTalk;
			productReference = 617F53752C189B5A008D5316 /* sleepTalk.app */;
			productType = "com.apple.product-type.application";
		};
		617F53842C189B5B008D5316 /* sleepTalkTests */ = {
			isa = PBXNativeTarget;
			buildConfigurationList = 617F539C2C189B5B008D5316 /* Build configuration list for PBXNativeTarget "sleepTalkTests" */;
			buildPhases = (
				617F53812C189B5B008D5316 /* Sources */,
				617F53822C189B5B008D5316 /* Frameworks */,
				617F53832C189B5B008D5316 /* Resources */,
			);
			buildRules = (
			);
			dependencies = (
				617F53872C189B5B008D5316 /* PBXTargetDependency */,
			);
			name = sleepTalkTests;
			productName = sleepTalkTests;
			productReference = 617F53852C189B5B008D5316 /* sleepTalkTests.xctest */;
			productType = "com.apple.product-type.bundle.unit-test";
		};
		617F538E2C189B5B008D5316 /* sleepTalkUITests */ = {
			isa = PBXNativeTarget;
			buildConfigurationList = 617F539F2C189B5B008D5316 /* Build configuration list for PBXNativeTarget "sleepTalkUITests" */;
			buildPhases = (
				617F538B2C189B5B008D5316 /* Sources */,
				617F538C2C189B5B008D5316 /* Frameworks */,
				617F538D2C189B5B008D5316 /* Resources */,
			);
			buildRules = (
			);
			dependencies = (
				617F53912C189B5B008D5316 /* PBXTargetDependency */,
			);
			name = sleepTalkUITests;
			productName = sleepTalkUITests;
			productReference = 617F538F2C189B5B008D5316 /* sleepTalkUITests.xctest */;
			productType = "com.apple.product-type.bundle.ui-testing";
		};
/* End PBXNativeTarget section */

/* Begin PBXProject section */
		617F536D2C189B5A008D5316 /* Project object */ = {
			isa = PBXProject;
			attributes = {
				BuildIndependentTargetsInParallel = 1;
				LastSwiftUpdateCheck = 1540;
				LastUpgradeCheck = 1540;
				TargetAttributes = {
					61458CB22C495DCB00B7107E = {
						CreatedOnToolsVersion = 15.4;
					};
					617F53742C189B5A008D5316 = {
						CreatedOnToolsVersion = 15.4;
					};
					617F53842C189B5B008D5316 = {
						CreatedOnToolsVersion = 15.4;
						TestTargetID = 617F53742C189B5A008D5316;
					};
					617F538E2C189B5B008D5316 = {
						CreatedOnToolsVersion = 15.4;
						TestTargetID = 617F53742C189B5A008D5316;
					};
				};
			};
			buildConfigurationList = 617F53702C189B5A008D5316 /* Build configuration list for PBXProject "sleepTalk" */;
			compatibilityVersion = "Xcode 14.0";
			developmentRegion = en;
			hasScannedForEncodings = 0;
			knownRegions = (
				en,
				Base,
			);
			mainGroup = 617F536C2C189B5A008D5316;
			productRefGroup = 617F53762C189B5A008D5316 /* Products */;
			projectDirPath = "";
			projectRoot = "";
			targets = (
				617F53742C189B5A008D5316 /* sleepTalk */,
				617F53842C189B5B008D5316 /* sleepTalkTests */,
				617F538E2C189B5B008D5316 /* sleepTalkUITests */,
				61458CB22C495DCB00B7107E /* sleepTalkActivityExtension */,
			);
		};
/* End PBXProject section */

/* Begin PBXResourcesBuildPhase section */
		61458CB12C495DCB00B7107E /* Resources */ = {
			isa = PBXResourcesBuildPhase;
			buildActionMask = 2147483647;
			files = (
				61458CC12C495DCC00B7107E /* Assets.xcassets in Resources */,
			);
			runOnlyForDeploymentPostprocessing = 0;
		};
		617F53732C189B5A008D5316 /* Resources */ = {
			isa = PBXResourcesBuildPhase;
			buildActionMask = 2147483647;
			files = (
				617F53802C189B5B008D5316 /* Preview Assets.xcassets in Resources */,
				617F537D2C189B5B008D5316 /* Assets.xcassets in Resources */,
			);
			runOnlyForDeploymentPostprocessing = 0;
		};
		617F53832C189B5B008D5316 /* Resources */ = {
			isa = PBXResourcesBuildPhase;
			buildActionMask = 2147483647;
			files = (
			);
			runOnlyForDeploymentPostprocessing = 0;
		};
		617F538D2C189B5B008D5316 /* Resources */ = {
			isa = PBXResourcesBuildPhase;
			buildActionMask = 2147483647;
			files = (
			);
			runOnlyForDeploymentPostprocessing = 0;
		};
/* End PBXResourcesBuildPhase section */

/* Begin PBXSourcesBuildPhase section */
		61458CAF2C495DCB00B7107E /* Sources */ = {
			isa = PBXSourcesBuildPhase;
			buildActionMask = 2147483647;
			files = (
				61458CBB2C495DCB00B7107E /* sleepTalkActivityBundle.swift in Sources */,
				61458CBD2C495DCB00B7107E /* sleepTalkActivityLiveActivity.swift in Sources */,
				61458CBF2C495DCB00B7107E /* sleepTalkActivity.swift in Sources */,
			);
			runOnlyForDeploymentPostprocessing = 0;
		};
		617F53712C189B5A008D5316 /* Sources */ = {
			isa = PBXSourcesBuildPhase;
			buildActionMask = 2147483647;
			files = (
				61E8F8C82C5A7531002695D6 /* SleepView.swift in Sources */,
				6197F1D82C31A09A00CDF7F0 /* AudioRecorder.swift in Sources */,
				61458CCA2C495F2000B7107E /* sleepTalkActivityLiveActivity.swift in Sources */,
				617F537B2C189B5A008D5316 /* ContentView.swift in Sources */,
				617F53792C189B5A008D5316 /* sleepTalkApp.swift in Sources */,
			);
			runOnlyForDeploymentPostprocessing = 0;
		};
		617F53812C189B5B008D5316 /* Sources */ = {
			isa = PBXSourcesBuildPhase;
			buildActionMask = 2147483647;
			files = (
				617F538A2C189B5B008D5316 /* sleepTalkTests.swift in Sources */,
			);
			runOnlyForDeploymentPostprocessing = 0;
		};
		617F538B2C189B5B008D5316 /* Sources */ = {
			isa = PBXSourcesBuildPhase;
			buildActionMask = 2147483647;
			files = (
				617F53962C189B5B008D5316 /* sleepTalkUITestsLaunchTests.swift in Sources */,
				617F53942C189B5B008D5316 /* sleepTalkUITests.swift in Sources */,
			);
			runOnlyForDeploymentPostprocessing = 0;
		};
/* End PBXSourcesBuildPhase section */

/* Begin PBXTargetDependency section */
		61458CC42C495DCC00B7107E /* PBXTargetDependency */ = {
			isa = PBXTargetDependency;
			target = 61458CB22C495DCB00B7107E /* sleepTalkActivityExtension */;
			targetProxy = 61458CC32C495DCC00B7107E /* PBXContainerItemProxy */;
		};
		617F53872C189B5B008D5316 /* PBXTargetDependency */ = {
			isa = PBXTargetDependency;
			target = 617F53742C189B5A008D5316 /* sleepTalk */;
			targetProxy = 617F53862C189B5B008D5316 /* PBXContainerItemProxy */;
		};
		617F53912C189B5B008D5316 /* PBXTargetDependency */ = {
			isa = PBXTargetDependency;
			target = 617F53742C189B5A008D5316 /* sleepTalk */;
			targetProxy = 617F53902C189B5B008D5316 /* PBXContainerItemProxy */;
		};
/* End PBXTargetDependency section */

/* Begin XCBuildConfiguration section */
		61458CC72C495DCC00B7107E /* Debug */ = {
			isa = XCBuildConfiguration;
			buildSettings = {
				ASSETCATALOG_COMPILER_GLOBAL_ACCENT_COLOR_NAME = AccentColor;
				ASSETCATALOG_COMPILER_WIDGET_BACKGROUND_COLOR_NAME = WidgetBackground;
				CODE_SIGN_STYLE = Automatic;
				CURRENT_PROJECT_VERSION = 1;
				DEVELOPMENT_TEAM = 4YZQY4C47E;
				GENERATE_INFOPLIST_FILE = YES;
				INFOPLIST_FILE = sleepTalkActivity/Info.plist;
				INFOPLIST_KEY_CFBundleDisplayName = sleepTalkActivity;
				INFOPLIST_KEY_NSHumanReadableCopyright = "";
				IPHONEOS_DEPLOYMENT_TARGET = 17.5;
				LD_RUNPATH_SEARCH_PATHS = (
					"$(inherited)",
					"@executable_path/Frameworks",
					"@executable_path/../../Frameworks",
				);
				MARKETING_VERSION = 1.0;
				PRODUCT_BUNDLE_IDENTIFIER = com.entaku.sleepTalk.sleepTalkActivity;
				PRODUCT_NAME = "$(TARGET_NAME)";
				SKIP_INSTALL = YES;
				SWIFT_EMIT_LOC_STRINGS = YES;
				SWIFT_VERSION = 5.0;
				TARGETED_DEVICE_FAMILY = "1,2";
			};
			name = Debug;
		};
		61458CC82C495DCC00B7107E /* Release */ = {
			isa = XCBuildConfiguration;
			buildSettings = {
				ASSETCATALOG_COMPILER_GLOBAL_ACCENT_COLOR_NAME = AccentColor;
				ASSETCATALOG_COMPILER_WIDGET_BACKGROUND_COLOR_NAME = WidgetBackground;
				CODE_SIGN_STYLE = Automatic;
				CURRENT_PROJECT_VERSION = 1;
				DEVELOPMENT_TEAM = 4YZQY4C47E;
				GENERATE_INFOPLIST_FILE = YES;
				INFOPLIST_FILE = sleepTalkActivity/Info.plist;
				INFOPLIST_KEY_CFBundleDisplayName = sleepTalkActivity;
				INFOPLIST_KEY_NSHumanReadableCopyright = "";
				IPHONEOS_DEPLOYMENT_TARGET = 17.5;
				LD_RUNPATH_SEARCH_PATHS = (
					"$(inherited)",
					"@executable_path/Frameworks",
					"@executable_path/../../Frameworks",
				);
				MARKETING_VERSION = 1.0;
				PRODUCT_BUNDLE_IDENTIFIER = com.entaku.sleepTalk.sleepTalkActivity;
				PRODUCT_NAME = "$(TARGET_NAME)";
				SKIP_INSTALL = YES;
				SWIFT_EMIT_LOC_STRINGS = YES;
				SWIFT_VERSION = 5.0;
				TARGETED_DEVICE_FAMILY = "1,2";
			};
			name = Release;
		};
		617F53972C189B5B008D5316 /* Debug */ = {
			isa = XCBuildConfiguration;
			buildSettings = {
				ALWAYS_SEARCH_USER_PATHS = NO;
				ASSETCATALOG_COMPILER_GENERATE_SWIFT_ASSET_SYMBOL_EXTENSIONS = YES;
				CLANG_ANALYZER_NONNULL = YES;
				CLANG_ANALYZER_NUMBER_OBJECT_CONVERSION = YES_AGGRESSIVE;
				CLANG_CXX_LANGUAGE_STANDARD = "gnu++20";
				CLANG_ENABLE_MODULES = YES;
				CLANG_ENABLE_OBJC_ARC = YES;
				CLANG_ENABLE_OBJC_WEAK = YES;
				CLANG_WARN_BLOCK_CAPTURE_AUTORELEASING = YES;
				CLANG_WARN_BOOL_CONVERSION = YES;
				CLANG_WARN_COMMA = YES;
				CLANG_WARN_CONSTANT_CONVERSION = YES;
				CLANG_WARN_DEPRECATED_OBJC_IMPLEMENTATIONS = YES;
				CLANG_WARN_DIRECT_OBJC_ISA_USAGE = YES_ERROR;
				CLANG_WARN_DOCUMENTATION_COMMENTS = YES;
				CLANG_WARN_EMPTY_BODY = YES;
				CLANG_WARN_ENUM_CONVERSION = YES;
				CLANG_WARN_INFINITE_RECURSION = YES;
				CLANG_WARN_INT_CONVERSION = YES;
				CLANG_WARN_NON_LITERAL_NULL_CONVERSION = YES;
				CLANG_WARN_OBJC_IMPLICIT_RETAIN_SELF = YES;
				CLANG_WARN_OBJC_LITERAL_CONVERSION = YES;
				CLANG_WARN_OBJC_ROOT_CLASS = YES_ERROR;
				CLANG_WARN_QUOTED_INCLUDE_IN_FRAMEWORK_HEADER = YES;
				CLANG_WARN_RANGE_LOOP_ANALYSIS = YES;
				CLANG_WARN_STRICT_PROTOTYPES = YES;
				CLANG_WARN_SUSPICIOUS_MOVE = YES;
				CLANG_WARN_UNGUARDED_AVAILABILITY = YES_AGGRESSIVE;
				CLANG_WARN_UNREACHABLE_CODE = YES;
				CLANG_WARN__DUPLICATE_METHOD_MATCH = YES;
				COPY_PHASE_STRIP = NO;
				DEBUG_INFORMATION_FORMAT = dwarf;
				ENABLE_STRICT_OBJC_MSGSEND = YES;
				ENABLE_TESTABILITY = YES;
				ENABLE_USER_SCRIPT_SANDBOXING = YES;
				GCC_C_LANGUAGE_STANDARD = gnu17;
				GCC_DYNAMIC_NO_PIC = NO;
				GCC_NO_COMMON_BLOCKS = YES;
				GCC_OPTIMIZATION_LEVEL = 0;
				GCC_PREPROCESSOR_DEFINITIONS = (
					"DEBUG=1",
					"$(inherited)",
				);
				GCC_WARN_64_TO_32_BIT_CONVERSION = YES;
				GCC_WARN_ABOUT_RETURN_TYPE = YES_ERROR;
				GCC_WARN_UNDECLARED_SELECTOR = YES;
				GCC_WARN_UNINITIALIZED_AUTOS = YES_AGGRESSIVE;
				GCC_WARN_UNUSED_FUNCTION = YES;
				GCC_WARN_UNUSED_VARIABLE = YES;
				IPHONEOS_DEPLOYMENT_TARGET = 17.0;
				LOCALIZATION_PREFERS_STRING_CATALOGS = YES;
				MTL_ENABLE_DEBUG_INFO = INCLUDE_SOURCE;
				MTL_FAST_MATH = YES;
				ONLY_ACTIVE_ARCH = YES;
				SDKROOT = iphoneos;
				SWIFT_ACTIVE_COMPILATION_CONDITIONS = "DEBUG $(inherited)";
				SWIFT_OPTIMIZATION_LEVEL = "-Onone";
			};
			name = Debug;
		};
		617F53982C189B5B008D5316 /* Release */ = {
			isa = XCBuildConfiguration;
			buildSettings = {
				ALWAYS_SEARCH_USER_PATHS = NO;
				ASSETCATALOG_COMPILER_GENERATE_SWIFT_ASSET_SYMBOL_EXTENSIONS = YES;
				CLANG_ANALYZER_NONNULL = YES;
				CLANG_ANALYZER_NUMBER_OBJECT_CONVERSION = YES_AGGRESSIVE;
				CLANG_CXX_LANGUAGE_STANDARD = "gnu++20";
				CLANG_ENABLE_MODULES = YES;
				CLANG_ENABLE_OBJC_ARC = YES;
				CLANG_ENABLE_OBJC_WEAK = YES;
				CLANG_WARN_BLOCK_CAPTURE_AUTORELEASING = YES;
				CLANG_WARN_BOOL_CONVERSION = YES;
				CLANG_WARN_COMMA = YES;
				CLANG_WARN_CONSTANT_CONVERSION = YES;
				CLANG_WARN_DEPRECATED_OBJC_IMPLEMENTATIONS = YES;
				CLANG_WARN_DIRECT_OBJC_ISA_USAGE = YES_ERROR;
				CLANG_WARN_DOCUMENTATION_COMMENTS = YES;
				CLANG_WARN_EMPTY_BODY = YES;
				CLANG_WARN_ENUM_CONVERSION = YES;
				CLANG_WARN_INFINITE_RECURSION = YES;
				CLANG_WARN_INT_CONVERSION = YES;
				CLANG_WARN_NON_LITERAL_NULL_CONVERSION = YES;
				CLANG_WARN_OBJC_IMPLICIT_RETAIN_SELF = YES;
				CLANG_WARN_OBJC_LITERAL_CONVERSION = YES;
				CLANG_WARN_OBJC_ROOT_CLASS = YES_ERROR;
				CLANG_WARN_QUOTED_INCLUDE_IN_FRAMEWORK_HEADER = YES;
				CLANG_WARN_RANGE_LOOP_ANALYSIS = YES;
				CLANG_WARN_STRICT_PROTOTYPES = YES;
				CLANG_WARN_SUSPICIOUS_MOVE = YES;
				CLANG_WARN_UNGUARDED_AVAILABILITY = YES_AGGRESSIVE;
				CLANG_WARN_UNREACHABLE_CODE = YES;
				CLANG_WARN__DUPLICATE_METHOD_MATCH = YES;
				COPY_PHASE_STRIP = NO;
				DEBUG_INFORMATION_FORMAT = "dwarf-with-dsym";
				ENABLE_NS_ASSERTIONS = NO;
				ENABLE_STRICT_OBJC_MSGSEND = YES;
				ENABLE_USER_SCRIPT_SANDBOXING = YES;
				GCC_C_LANGUAGE_STANDARD = gnu17;
				GCC_NO_COMMON_BLOCKS = YES;
				GCC_WARN_64_TO_32_BIT_CONVERSION = YES;
				GCC_WARN_ABOUT_RETURN_TYPE = YES_ERROR;
				GCC_WARN_UNDECLARED_SELECTOR = YES;
				GCC_WARN_UNINITIALIZED_AUTOS = YES_AGGRESSIVE;
				GCC_WARN_UNUSED_FUNCTION = YES;
				GCC_WARN_UNUSED_VARIABLE = YES;
				IPHONEOS_DEPLOYMENT_TARGET = 17.0;
				LOCALIZATION_PREFERS_STRING_CATALOGS = YES;
				MTL_ENABLE_DEBUG_INFO = NO;
				MTL_FAST_MATH = YES;
				SDKROOT = iphoneos;
				SWIFT_COMPILATION_MODE = wholemodule;
				VALIDATE_PRODUCT = YES;
			};
			name = Release;
		};
		617F539A2C189B5B008D5316 /* Debug */ = {
			isa = XCBuildConfiguration;
			buildSettings = {
				ALWAYS_EMBED_SWIFT_STANDARD_LIBRARIES = YES;
				ASSETCATALOG_COMPILER_APPICON_NAME = AppIcon;
				ASSETCATALOG_COMPILER_GLOBAL_ACCENT_COLOR_NAME = AccentColor;
				CODE_SIGN_STYLE = Automatic;
				CURRENT_PROJECT_VERSION = 1;
				DEVELOPMENT_ASSET_PATHS = "\"sleepTalk/Preview Content\"";
				DEVELOPMENT_TEAM = 4YZQY4C47E;
				ENABLE_PREVIEWS = YES;
				GENERATE_INFOPLIST_FILE = YES;
				INFOPLIST_FILE = sleepTalk/Info.plist;
				INFOPLIST_KEY_LSApplicationCategoryType = "public.app-category.healthcare-fitness";
				INFOPLIST_KEY_NSMicrophoneUsageDescription = "This app requires access to the microphone to record audio for transcription purposes.";
				INFOPLIST_KEY_NSSupportsLiveActivities = YES;
				INFOPLIST_KEY_UIApplicationSceneManifest_Generation = YES;
				INFOPLIST_KEY_UIApplicationSupportsIndirectInputEvents = YES;
				INFOPLIST_KEY_UILaunchScreen_Generation = YES;
				INFOPLIST_KEY_UISupportedInterfaceOrientations_iPad = "UIInterfaceOrientationPortrait UIInterfaceOrientationPortraitUpsideDown UIInterfaceOrientationLandscapeLeft UIInterfaceOrientationLandscapeRight";
				INFOPLIST_KEY_UISupportedInterfaceOrientations_iPhone = "UIInterfaceOrientationPortrait UIInterfaceOrientationLandscapeLeft UIInterfaceOrientationLandscapeRight";
				IPHONEOS_DEPLOYMENT_TARGET = 17.0;
				LD_RUNPATH_SEARCH_PATHS = (
					"$(inherited)",
					"@executable_path/Frameworks",
				);
				MARKETING_VERSION = 1.0;
				PRODUCT_BUNDLE_IDENTIFIER = com.entaku.sleepTalk;
				PRODUCT_NAME = "$(TARGET_NAME)";
				SUPPORTED_PLATFORMS = "iphoneos iphonesimulator";
				SUPPORTS_MACCATALYST = NO;
				SUPPORTS_MAC_DESIGNED_FOR_IPHONE_IPAD = NO;
				SUPPORTS_XR_DESIGNED_FOR_IPHONE_IPAD = NO;
				SWIFT_EMIT_LOC_STRINGS = YES;
				SWIFT_VERSION = 5.0;
				TARGETED_DEVICE_FAMILY = 1;
			};
			name = Debug;
		};
		617F539B2C189B5B008D5316 /* Release */ = {
			isa = XCBuildConfiguration;
			buildSettings = {
				ALWAYS_EMBED_SWIFT_STANDARD_LIBRARIES = YES;
				ASSETCATALOG_COMPILER_APPICON_NAME = AppIcon;
				ASSETCATALOG_COMPILER_GLOBAL_ACCENT_COLOR_NAME = AccentColor;
				CODE_SIGN_STYLE = Automatic;
				CURRENT_PROJECT_VERSION = 1;
				DEVELOPMENT_ASSET_PATHS = "\"sleepTalk/Preview Content\"";
				DEVELOPMENT_TEAM = 4YZQY4C47E;
				ENABLE_PREVIEWS = YES;
				GENERATE_INFOPLIST_FILE = YES;
				INFOPLIST_FILE = sleepTalk/Info.plist;
				INFOPLIST_KEY_LSApplicationCategoryType = "public.app-category.healthcare-fitness";
				INFOPLIST_KEY_NSMicrophoneUsageDescription = "This app requires access to the microphone to record audio for transcription purposes.";
				INFOPLIST_KEY_NSSupportsLiveActivities = YES;
				INFOPLIST_KEY_UIApplicationSceneManifest_Generation = YES;
				INFOPLIST_KEY_UIApplicationSupportsIndirectInputEvents = YES;
				INFOPLIST_KEY_UILaunchScreen_Generation = YES;
				INFOPLIST_KEY_UISupportedInterfaceOrientations_iPad = "UIInterfaceOrientationPortrait UIInterfaceOrientationPortraitUpsideDown UIInterfaceOrientationLandscapeLeft UIInterfaceOrientationLandscapeRight";
				INFOPLIST_KEY_UISupportedInterfaceOrientations_iPhone = "UIInterfaceOrientationPortrait UIInterfaceOrientationLandscapeLeft UIInterfaceOrientationLandscapeRight";
				IPHONEOS_DEPLOYMENT_TARGET = 17.0;
				LD_RUNPATH_SEARCH_PATHS = (
					"$(inherited)",
					"@executable_path/Frameworks",
				);
				MARKETING_VERSION = 1.0;
				PRODUCT_BUNDLE_IDENTIFIER = com.entaku.sleepTalk;
				PRODUCT_NAME = "$(TARGET_NAME)";
				SUPPORTED_PLATFORMS = "iphoneos iphonesimulator";
				SUPPORTS_MACCATALYST = NO;
				SUPPORTS_MAC_DESIGNED_FOR_IPHONE_IPAD = NO;
				SUPPORTS_XR_DESIGNED_FOR_IPHONE_IPAD = NO;
				SWIFT_EMIT_LOC_STRINGS = YES;
				SWIFT_VERSION = 5.0;
				TARGETED_DEVICE_FAMILY = 1;
			};
			name = Release;
		};
		617F539D2C189B5B008D5316 /* Debug */ = {
			isa = XCBuildConfiguration;
			buildSettings = {
				ALWAYS_EMBED_SWIFT_STANDARD_LIBRARIES = YES;
				BUNDLE_LOADER = "$(TEST_HOST)";
				CODE_SIGN_STYLE = Automatic;
				CURRENT_PROJECT_VERSION = 1;
				DEVELOPMENT_TEAM = 4YZQY4C47E;
				GENERATE_INFOPLIST_FILE = YES;
				IPHONEOS_DEPLOYMENT_TARGET = 17.5;
				MARKETING_VERSION = 1.0;
				PRODUCT_BUNDLE_IDENTIFIER = com.entaku.sleepTalkTests;
				PRODUCT_NAME = "$(TARGET_NAME)";
				SWIFT_EMIT_LOC_STRINGS = NO;
				SWIFT_VERSION = 5.0;
				TARGETED_DEVICE_FAMILY = "1,2";
				TEST_HOST = "$(BUILT_PRODUCTS_DIR)/sleepTalk.app/$(BUNDLE_EXECUTABLE_FOLDER_PATH)/sleepTalk";
			};
			name = Debug;
		};
		617F539E2C189B5B008D5316 /* Release */ = {
			isa = XCBuildConfiguration;
			buildSettings = {
				ALWAYS_EMBED_SWIFT_STANDARD_LIBRARIES = YES;
				BUNDLE_LOADER = "$(TEST_HOST)";
				CODE_SIGN_STYLE = Automatic;
				CURRENT_PROJECT_VERSION = 1;
				DEVELOPMENT_TEAM = 4YZQY4C47E;
				GENERATE_INFOPLIST_FILE = YES;
				IPHONEOS_DEPLOYMENT_TARGET = 17.5;
				MARKETING_VERSION = 1.0;
				PRODUCT_BUNDLE_IDENTIFIER = com.entaku.sleepTalkTests;
				PRODUCT_NAME = "$(TARGET_NAME)";
				SWIFT_EMIT_LOC_STRINGS = NO;
				SWIFT_VERSION = 5.0;
				TARGETED_DEVICE_FAMILY = "1,2";
				TEST_HOST = "$(BUILT_PRODUCTS_DIR)/sleepTalk.app/$(BUNDLE_EXECUTABLE_FOLDER_PATH)/sleepTalk";
			};
			name = Release;
		};
		617F53A02C189B5B008D5316 /* Debug */ = {
			isa = XCBuildConfiguration;
			buildSettings = {
				ALWAYS_EMBED_SWIFT_STANDARD_LIBRARIES = YES;
				CODE_SIGN_STYLE = Automatic;
				CURRENT_PROJECT_VERSION = 1;
				DEVELOPMENT_TEAM = 4YZQY4C47E;
				GENERATE_INFOPLIST_FILE = YES;
				MARKETING_VERSION = 1.0;
				PRODUCT_BUNDLE_IDENTIFIER = com.entaku.sleepTalkUITests;
				PRODUCT_NAME = "$(TARGET_NAME)";
				SWIFT_EMIT_LOC_STRINGS = NO;
				SWIFT_VERSION = 5.0;
				TARGETED_DEVICE_FAMILY = "1,2";
				TEST_TARGET_NAME = sleepTalk;
			};
			name = Debug;
		};
		617F53A12C189B5B008D5316 /* Release */ = {
			isa = XCBuildConfiguration;
			buildSettings = {
				ALWAYS_EMBED_SWIFT_STANDARD_LIBRARIES = YES;
				CODE_SIGN_STYLE = Automatic;
				CURRENT_PROJECT_VERSION = 1;
				DEVELOPMENT_TEAM = 4YZQY4C47E;
				GENERATE_INFOPLIST_FILE = YES;
				MARKETING_VERSION = 1.0;
				PRODUCT_BUNDLE_IDENTIFIER = com.entaku.sleepTalkUITests;
				PRODUCT_NAME = "$(TARGET_NAME)";
				SWIFT_EMIT_LOC_STRINGS = NO;
				SWIFT_VERSION = 5.0;
				TARGETED_DEVICE_FAMILY = "1,2";
				TEST_TARGET_NAME = sleepTalk;
			};
			name = Release;
		};
/* End XCBuildConfiguration section */

/* Begin XCConfigurationList section */
		61458CC62C495DCC00B7107E /* Build configuration list for PBXNativeTarget "sleepTalkActivityExtension" */ = {
			isa = XCConfigurationList;
			buildConfigurations = (
				61458CC72C495DCC00B7107E /* Debug */,
				61458CC82C495DCC00B7107E /* Release */,
			);
			defaultConfigurationIsVisible = 0;
			defaultConfigurationName = Release;
		};
		617F53702C189B5A008D5316 /* Build configuration list for PBXProject "sleepTalk" */ = {
			isa = XCConfigurationList;
			buildConfigurations = (
				617F53972C189B5B008D5316 /* Debug */,
				617F53982C189B5B008D5316 /* Release */,
			);
			defaultConfigurationIsVisible = 0;
			defaultConfigurationName = Release;
		};
		617F53992C189B5B008D5316 /* Build configuration list for PBXNativeTarget "sleepTalk" */ = {
			isa = XCConfigurationList;
			buildConfigurations = (
				617F539A2C189B5B008D5316 /* Debug */,
				617F539B2C189B5B008D5316 /* Release */,
			);
			defaultConfigurationIsVisible = 0;
			defaultConfigurationName = Release;
		};
		617F539C2C189B5B008D5316 /* Build configuration list for PBXNativeTarget "sleepTalkTests" */ = {
			isa = XCConfigurationList;
			buildConfigurations = (
				617F539D2C189B5B008D5316 /* Debug */,
				617F539E2C189B5B008D5316 /* Release */,
			);
			defaultConfigurationIsVisible = 0;
			defaultConfigurationName = Release;
		};
		617F539F2C189B5B008D5316 /* Build configuration list for PBXNativeTarget "sleepTalkUITests" */ = {
			isa = XCConfigurationList;
			buildConfigurations = (
				617F53A02C189B5B008D5316 /* Debug */,
				617F53A12C189B5B008D5316 /* Release */,
			);
			defaultConfigurationIsVisible = 0;
			defaultConfigurationName = Release;
		};
/* End XCConfigurationList section */
	};
	rootObject = 617F536D2C189B5A008D5316 /* Project object */;
}
